
Microsoft Visual Studio Solution File, Format Version 12.00
# Visual Studio Version 17
VisualStudioVersion = 17.13.35931.197
MinimumVisualStudioVersion = 10.0.40219.1
Project("{FAE04EC0-301F-11D3-BF4B-00C04F79EFBC}") = "Cantina.Web", "Cantina.Web\Cantina.Web.csproj", "{19A191E0-35AD-4C76-B2E5-0026630AC780}"
EndProject
Project("{FAE04EC0-301F-11D3-BF4B-00C04F79EFBC}") = "Cantina.Infrastructure", "Cantina.Infrastructure\Cantina.Infrastructure.csproj", "{C5B35B44-3C80-4752-BD7F-94E1E434133C}"
EndProject
Project("{FAE04EC0-301F-11D3-BF4B-00C04F79EFBC}") = "Cantina.Tests", "Cantina.Tests\Cantina.Tests.csproj", "{56C1F26C-5280-439C-9F83-598022EDF6B6}"
EndProject
Project("{2150E333-8FDC-42A3-9474-1A3956D46DE8}") = "src", "src", "{02EA681E-C7D8-13C7-8484-4AC65E1B71E8}"
EndProject
Project("{FAE04EC0-301F-11D3-BF4B-00C04F79EFBC}") = "Cantina.Application", "Cantina.Application\Cantina.Application.csproj", "{DE187276-FFAF-4474-8821-B675A39627AD}"
EndProject
Project("{FAE04EC0-301F-11D3-BF4B-00C04F79EFBC}") = "Cantina.Domain", "Cantina.Domain\Cantina.Domain.csproj", "{FAA13F4C-C074-4950-82DE-FEE385549343}"
EndProject
Project("{E53339B2-1760-4266-BCC7-CA923CBCF16C}") = "docker-compose", "docker-compose.dcproj", "{81DDED9D-158B-E303-5F62-77A2896D2A5A}"
EndProject
Project("{FAE04EC0-301F-11D3-BF4B-00C04F79EFBC}") = "Cantina.SyncService", "Cantina.SyncService\Cantina.SyncService.csproj", "{382B18B4-42D8-B0B3-EECF-C4034A587E03}"
EndProject
Global
	GlobalSection(SolutionConfigurationPlatforms) = preSolution
		Debug|Any CPU = Debug|Any CPU
		Release|Any CPU = Release|Any CPU
	EndGlobalSection
	GlobalSection(ProjectConfigurationPlatforms) = postSolution
		{19A191E0-35AD-4C76-B2E5-0026630AC780}.Debug|Any CPU.ActiveCfg = Debug|Any CPU
		{19A191E0-35AD-4C76-B2E5-0026630AC780}.Debug|Any CPU.Build.0 = Debug|Any CPU
		{19A191E0-35AD-4C76-B2E5-0026630AC780}.Release|Any CPU.ActiveCfg = Release|Any CPU
		{19A191E0-35AD-4C76-B2E5-0026630AC780}.Release|Any CPU.Build.0 = Release|Any CPU
		{C5B35B44-3C80-4752-BD7F-94E1E434133C}.Debug|Any CPU.ActiveCfg = Debug|Any CPU
		{C5B35B44-3C80-4752-BD7F-94E1E434133C}.Debug|Any CPU.Build.0 = Debug|Any CPU
		{C5B35B44-3C80-4752-BD7F-94E1E434133C}.Release|Any CPU.ActiveCfg = Release|Any CPU
		{C5B35B44-3C80-4752-BD7F-94E1E434133C}.Release|Any CPU.Build.0 = Release|Any CPU
		{56C1F26C-5280-439C-9F83-598022EDF6B6}.Debug|Any CPU.ActiveCfg = Debug|Any CPU
		{56C1F26C-5280-439C-9F83-598022EDF6B6}.Debug|Any CPU.Build.0 = Debug|Any CPU
		{56C1F26C-5280-439C-9F83-598022EDF6B6}.Release|Any CPU.ActiveCfg = Release|Any CPU
		{56C1F26C-5280-439C-9F83-598022EDF6B6}.Release|Any CPU.Build.0 = Release|Any CPU
		{DE187276-FFAF-4474-8821-B675A39627AD}.Debug|Any CPU.ActiveCfg = Debug|Any CPU
		{DE187276-FFAF-4474-8821-B675A39627AD}.Debug|Any CPU.Build.0 = Debug|Any CPU
		{DE187276-FFAF-4474-8821-B675A39627AD}.Release|Any CPU.ActiveCfg = Release|Any CPU
		{DE187276-FFAF-4474-8821-B675A39627AD}.Release|Any CPU.Build.0 = Release|Any CPU
		{FAA13F4C-C074-4950-82DE-FEE385549343}.Debug|Any CPU.ActiveCfg = Debug|Any CPU
		{FAA13F4C-C074-4950-82DE-FEE385549343}.Debug|Any CPU.Build.0 = Debug|Any CPU
		{FAA13F4C-C074-4950-82DE-FEE385549343}.Release|Any CPU.ActiveCfg = Release|Any CPU
		{FAA13F4C-C074-4950-82DE-FEE385549343}.Release|Any CPU.Build.0 = Release|Any CPU
		{81DDED9D-158B-E303-5F62-77A2896D2A5A}.Debug|Any CPU.ActiveCfg = Debug|Any CPU
		{81DDED9D-158B-E303-5F62-77A2896D2A5A}.Debug|Any CPU.Build.0 = Debug|Any CPU
		{81DDED9D-158B-E303-5F62-77A2896D2A5A}.Release|Any CPU.ActiveCfg = Release|Any CPU
		{81DDED9D-158B-E303-5F62-77A2896D2A5A}.Release|Any CPU.Build.0 = Release|Any CPU
		{382B18B4-42D8-B0B3-EECF-C4034A587E03}.Debug|Any CPU.ActiveCfg = Debug|Any CPU
		{382B18B4-42D8-B0B3-EECF-C4034A587E03}.Debug|Any CPU.Build.0 = Debug|Any CPU
		{382B18B4-42D8-B0B3-EECF-C4034A587E03}.Release|Any CPU.ActiveCfg = Release|Any CPU
		{382B18B4-42D8-B0B3-EECF-C4034A587E03}.Release|Any CPU.Build.0 = Release|Any CPU
	EndGlobalSection
	GlobalSection(SolutionProperties) = preSolution
		HideSolutionNode = FALSE
	EndGlobalSection
	GlobalSection(NestedProjects) = preSolution
		{19A191E0-35AD-4C76-B2E5-0026630AC780} = {02EA681E-C7D8-13C7-8484-4AC65E1B71E8}
		{C5B35B44-3C80-4752-BD7F-94E1E434133C} = {02EA681E-C7D8-13C7-8484-4AC65E1B71E8}
		{56C1F26C-5280-439C-9F83-598022EDF6B6} = {02EA681E-C7D8-13C7-8484-4AC65E1B71E8}
		{DE187276-FFAF-4474-8821-B675A39627AD} = {02EA681E-C7D8-13C7-8484-4AC65E1B71E8}
		{FAA13F4C-C074-4950-82DE-FEE385549343} = {02EA681E-C7D8-13C7-8484-4AC65E1B71E8}
		{382B18B4-42D8-B0B3-EECF-C4034A587E03} = {02EA681E-C7D8-13C7-8484-4AC65E1B71E8}
	EndGlobalSection
	GlobalSection(ExtensibilityGlobals) = postSolution
		SolutionGuid = {FEDCB24F-9734-49DA-9E64-D9D01A3CA74D}
	EndGlobalSection
EndGlobal
