Microsoft Visual Studio Solution File, Format Version 12.00
# Visual Studio Version 17
VisualStudioVersion = 17.5.2.0
MinimumVisualStudioVersion = 10.0.40219.1
Project("{FAE04EC0-301F-11D3-BF4B-00C04F79EFBC}") = "Cantina.SyncService", "Cantina.SyncService.csproj", "{4936F067-5344-7B13-3073-290B1062E1B1}"
EndProject
Global
	GlobalSection(SolutionConfigurationPlatforms) = preSolution
		Debug|Any CPU = Debug|Any CPU
		Release|Any CPU = Release|Any CPU
	EndGlobalSection
	GlobalSection(ProjectConfigurationPlatforms) = postSolution
		{4936F067-5344-7B13-3073-290B1062E1B1}.Debug|Any CPU.ActiveCfg = Debug|Any CPU
		{4936F067-5344-7B13-3073-290B1062E1B1}.Debug|Any CPU.Build.0 = Debug|Any CPU
		{4936F067-5344-7B13-3073-290B1062E1B1}.Release|Any CPU.ActiveCfg = Release|Any CPU
		{4936F067-5344-7B13-3073-290B1062E1B1}.Release|Any CPU.Build.0 = Release|Any CPU
	EndGlobalSection
	GlobalSection(SolutionProperties) = preSolution
		HideSolutionNode = FALSE
	EndGlobalSection
	GlobalSection(ExtensibilityGlobals) = postSolution
		SolutionGuid = {70D2ABAF-A18C-439A-87D0-005491C851F5}
	EndGlobalSection
EndGlobal
